
Microsoft Visual Studio Solution File, Format Version 12.00
# Visual Studio Version 17
VisualStudioVersion = 17.5.002.0
MinimumVisualStudioVersion = 10.0.40219.1
Project("{FAE04EC0-301F-11D3-BF4B-00C04F79EFBC}") = "FunctionApp1", "..\FunctionApp1\FunctionApp1.csproj", "{5EC30DD9-43F8-4C04-88AA-17620A149255}"
EndProject
Global
	GlobalSection(SolutionConfigurationPlatforms) = preSolution
		Debug|Any CPU = Debug|Any CPU
		Release|Any CPU = Release|Any CPU
	EndGlobalSection
	GlobalSection(ProjectConfigurationPlatforms) = postSolution
		{5EC30DD9-43F8-4C04-88AA-17620A149255}.Debug|Any CPU.ActiveCfg = Debug|Any CPU
		{5EC30DD9-43F8-4C04-88AA-17620A149255}.Debug|Any CPU.Build.0 = Debug|Any CPU
		{5EC30DD9-43F8-4C04-88AA-17620A149255}.Release|Any CPU.ActiveCfg = Release|Any CPU
		{5EC30DD9-43F8-4C04-88AA-17620A149255}.Release|Any CPU.Build.0 = Release|Any CPU
	EndGlobalSection
	GlobalSection(SolutionProperties) = preSolution
		HideSolutionNode = FALSE
	EndGlobalSection
	GlobalSection(ExtensibilityGlobals) = postSolution
		SolutionGuid = {711FABCB-8261-42A4-823B-67E1DBF6F989}
	EndGlobalSection
EndGlobal
